PODS:
  - iOSSharedViewTransition (1.0.2)
  - IQKeyboardManager (3.2.4)
  - JTCalendar (1.2.3)
  - MagicPie (1.1.1)
  - pop (1.0.7)
  - PopMenu (2.4):
    - pop
    - XHRealTimeBlur
  - RAMCollectionViewFlemishBondLayout (1.1.1)
  - SKSplashView (0.1.0)
  - sqlite3 (3.8.10.2):
    - sqlite3/common (= 3.8.10.2)
  - sqlite3/common (3.8.10.2)
  - XHRealTimeBlur (1.7)

DEPENDENCIES:
  - iOSSharedViewTransition (~> 1.0.2)
  - IQKeyboardManager
  - JTCalendar (~> 1.1)
  - MagicPie
  - PopMenu
  - RAMCollectionViewFlemishBondLayout (~> 1.1.1)
  - SKSplashView
  - sqlite3

SPEC CHECKSUMS:
  iOSSharedViewTransition: d4bdb3662b51d780b7a0646da8ff2158dbb2e43c
  IQKeyboardManager: 555b1231fefafb21b19278d7cca72986a27b748b
  JTCalendar: 246ea3e338fb97624846ec77cdcde448242c4d5c
  MagicPie: 0cfe79ae6e312d64f6799e3c2ba146b26ba5c79c
  pop: 628ffc631644601567ee8bfaaaea493ebd7d0923
  PopMenu: 26b97baeaf250070f4f61b93727ca86d127d7bc5
  RAMCollectionViewFlemishBondLayout: 82beaeafc7c1e51f417c1273ea136480970a8be2
  SKSplashView: 8cdb1bfccb5857cb141751d01b03cf132b110168
  sqlite3: 5e6797834b321b0926250b89315b8516ce1c58f6
  XHRealTimeBlur: 661fadd5691ba2d349758e8fd5fbdb499ac55f8c

COCOAPODS: 0.35.0
